
Microsoft Visual Studio Solution File, Format Version 12.00
# Visual Studio Version 17
VisualStudioVersion = 17.8.34309.116
MinimumVisualStudioVersion = 10.0.40219.1
Project("{9A19103F-16F7-4668-BE54-9A1E7A4F7556}") = "PCViewer", "PCViewer\PCViewer.csproj", "{5D85A74C-0578-4A52-9BF5-2878A4F605B7}"
EndProject
Project("{9A19103F-16F7-4668-BE54-9A1E7A4F7556}") = "PCViewer.Core", "PCViewer.Core\PCViewer.Core.csproj", "{CAF2E8BD-7BCE-4883-A578-D3F2738E6EB9}"
EndProject
Project("{FAE04EC0-301F-11D3-BF4B-00C04F79EFBC}") = "PCViewer.Core.Tests", "PCViewer.Core.Tests\PCViewer.Core.Tests.csproj", "{45D3E33E-E6EF-4CC7-9DC7-58E2D7027905}"
EndProject
Global
	GlobalSection(SolutionConfigurationPlatforms) = preSolution
		Debug|Any CPU = Debug|Any CPU
		Release|Any CPU = Release|Any CPU
	EndGlobalSection
	GlobalSection(ProjectConfigurationPlatforms) = postSolution
		{5D85A74C-0578-4A52-9BF5-2878A4F605B7}.Debug|Any CPU.ActiveCfg = Debug|Any CPU
		{5D85A74C-0578-4A52-9BF5-2878A4F605B7}.Debug|Any CPU.Build.0 = Debug|Any CPU
		{5D85A74C-0578-4A52-9BF5-2878A4F605B7}.Release|Any CPU.ActiveCfg = Release|Any CPU
		{5D85A74C-0578-4A52-9BF5-2878A4F605B7}.Release|Any CPU.Build.0 = Release|Any CPU
		{CAF2E8BD-7BCE-4883-A578-D3F2738E6EB9}.Debug|Any CPU.ActiveCfg = Debug|Any CPU
		{CAF2E8BD-7BCE-4883-A578-D3F2738E6EB9}.Debug|Any CPU.Build.0 = Debug|Any CPU
		{CAF2E8BD-7BCE-4883-A578-D3F2738E6EB9}.Release|Any CPU.ActiveCfg = Release|Any CPU
		{CAF2E8BD-7BCE-4883-A578-D3F2738E6EB9}.Release|Any CPU.Build.0 = Release|Any CPU
		{45D3E33E-E6EF-4CC7-9DC7-58E2D7027905}.Debug|Any CPU.ActiveCfg = Debug|Any CPU
		{45D3E33E-E6EF-4CC7-9DC7-58E2D7027905}.Debug|Any CPU.Build.0 = Debug|Any CPU
		{45D3E33E-E6EF-4CC7-9DC7-58E2D7027905}.Release|Any CPU.ActiveCfg = Release|Any CPU
		{45D3E33E-E6EF-4CC7-9DC7-58E2D7027905}.Release|Any CPU.Build.0 = Release|Any CPU
	EndGlobalSection
	GlobalSection(SolutionProperties) = preSolution
		HideSolutionNode = FALSE
	EndGlobalSection
	GlobalSection(ExtensibilityGlobals) = postSolution
		SolutionGuid = {BED4E280-2552-4D3E-A19D-86984EBE5905}
	EndGlobalSection
EndGlobal
